
Microsoft Visual Studio Solution File, Format Version 12.00
# Visual Studio 15
VisualStudioVersion = 15.0.27428.2015
MinimumVisualStudioVersion = 10.0.40219.1
Project("{8BC9CEB8-8B4A-11D0-8D11-00A0C91BC942}") = "Project2", "Project2.vcxproj", "{811FBCF1-37DA-43BF-9D78-977FC7B480BB}"
EndProject
Global
	GlobalSection(SolutionConfigurationPlatforms) = preSolution
		Debug|x64 = Debug|x64
		Debug|x86 = Debug|x86
		Release|x64 = Release|x64
		Release|x86 = Release|x86
	EndGlobalSection
	GlobalSection(ProjectConfigurationPlatforms) = postSolution
		{811FBCF1-37DA-43BF-9D78-977FC7B480BB}.Debug|x64.ActiveCfg = Debug|x64
		{811FBCF1-37DA-43BF-9D78-977FC7B480BB}.Debug|x64.Build.0 = Debug|x64
		{811FBCF1-37DA-43BF-9D78-977FC7B480BB}.Debug|x86.ActiveCfg = Debug|Win32
		{811FBCF1-37DA-43BF-9D78-977FC7B480BB}.Debug|x86.Build.0 = Debug|Win32
		{811FBCF1-37DA-43BF-9D78-977FC7B480BB}.Release|x64.ActiveCfg = Release|x64
		{811FBCF1-37DA-43BF-9D78-977FC7B480BB}.Release|x64.Build.0 = Release|x64
		{811FBCF1-37DA-43BF-9D78-977FC7B480BB}.Release|x86.ActiveCfg = Release|Win32
		{811FBCF1-37DA-43BF-9D78-977FC7B480BB}.Release|x86.Build.0 = Release|Win32
	EndGlobalSection
	GlobalSection(SolutionProperties) = preSolution
		HideSolutionNode = FALSE
	EndGlobalSection
	GlobalSection(ExtensibilityGlobals) = postSolution
		SolutionGuid = {ED52AAAD-F139-418A-9833-144665590D97}
	EndGlobalSection
EndGlobal
